
Microsoft Visual Studio Solution File, Format Version 12.00
# Visual Studio Version 17
VisualStudioVersion = 17.14.37012.4 d17.14
MinimumVisualStudioVersion = 10.0.40219.1
Project("{FAE04EC0-301F-11D3-BF4B-00C04F79EFBC}") = "ResultManagementSystem", "ResultManagementSystem\ResultManagementSystem.csproj", "{AE8AF2F8-9379-448D-86CA-9FC2BD0ACAE6}"
EndProject
Global
	GlobalSection(SolutionConfigurationPlatforms) = preSolution
		Debug|Any CPU = Debug|Any CPU
		Release|Any CPU = Release|Any CPU
	EndGlobalSection
	GlobalSection(ProjectConfigurationPlatforms) = postSolution
		{AE8AF2F8-9379-448D-86CA-9FC2BD0ACAE6}.Debug|Any CPU.ActiveCfg = Debug|Any CPU
		{AE8AF2F8-9379-448D-86CA-9FC2BD0ACAE6}.Debug|Any CPU.Build.0 = Debug|Any CPU
		{AE8AF2F8-9379-448D-86CA-9FC2BD0ACAE6}.Release|Any CPU.ActiveCfg = Release|Any CPU
		{AE8AF2F8-9379-448D-86CA-9FC2BD0ACAE6}.Release|Any CPU.Build.0 = Release|Any CPU
	EndGlobalSection
	GlobalSection(SolutionProperties) = preSolution
		HideSolutionNode = FALSE
	EndGlobalSection
	GlobalSection(ExtensibilityGlobals) = postSolution
		SolutionGuid = {92E19139-5BB3-40F9-995D-2227F02D6EDD}
	EndGlobalSection
EndGlobal
